
Microsoft Visual Studio Solution File, Format Version 12.00
# Visual Studio Version 17
VisualStudioVersion = 17.5.33530.505
MinimumVisualStudioVersion = 10.0.40219.1
Project("{FAE04EC0-301F-11D3-BF4B-00C04F79EFBC}") = "Utilizacion_componentes", "Utilizacion_componentes\Utilizacion_componentes.csproj", "{66F0A6DB-F660-4E5C-9F20-AEAA32FED67A}"
EndProject
Global
	GlobalSection(SolutionConfigurationPlatforms) = preSolution
		Debug|Any CPU = Debug|Any CPU
		Release|Any CPU = Release|Any CPU
	EndGlobalSection
	GlobalSection(ProjectConfigurationPlatforms) = postSolution
		{66F0A6DB-F660-4E5C-9F20-AEAA32FED67A}.Debug|Any CPU.ActiveCfg = Debug|Any CPU
		{66F0A6DB-F660-4E5C-9F20-AEAA32FED67A}.Debug|Any CPU.Build.0 = Debug|Any CPU
		{66F0A6DB-F660-4E5C-9F20-AEAA32FED67A}.Release|Any CPU.ActiveCfg = Release|Any CPU
		{66F0A6DB-F660-4E5C-9F20-AEAA32FED67A}.Release|Any CPU.Build.0 = Release|Any CPU
	EndGlobalSection
	GlobalSection(SolutionProperties) = preSolution
		HideSolutionNode = FALSE
	EndGlobalSection
	GlobalSection(ExtensibilityGlobals) = postSolution
		SolutionGuid = {8EFEF3A2-DB65-428F-9C29-295AB91A0383}
	EndGlobalSection
EndGlobal
